
Microsoft Visual Studio Solution File, Format Version 12.00
# Visual Studio Version 16
VisualStudioVersion = 16.0.31205.134
MinimumVisualStudioVersion = 10.0.40219.1
Project("{FAE04EC0-301F-11D3-BF4B-00C04F79EFBC}") = "Warhammer-Character-Editor", "Warhammer-Character-Editor\Warhammer-Character-Editor.csproj", "{075D938C-B63A-48E3-8B0C-DE609FF8C144}"
EndProject
Global
	GlobalSection(SolutionConfigurationPlatforms) = preSolution
		Debug|Any CPU = Debug|Any CPU
		Release|Any CPU = Release|Any CPU
	EndGlobalSection
	GlobalSection(ProjectConfigurationPlatforms) = postSolution
		{075D938C-B63A-48E3-8B0C-DE609FF8C144}.Debug|Any CPU.ActiveCfg = Debug|Any CPU
		{075D938C-B63A-48E3-8B0C-DE609FF8C144}.Debug|Any CPU.Build.0 = Debug|Any CPU
		{075D938C-B63A-48E3-8B0C-DE609FF8C144}.Release|Any CPU.ActiveCfg = Release|Any CPU
		{075D938C-B63A-48E3-8B0C-DE609FF8C144}.Release|Any CPU.Build.0 = Release|Any CPU
	EndGlobalSection
	GlobalSection(SolutionProperties) = preSolution
		HideSolutionNode = FALSE
	EndGlobalSection
	GlobalSection(ExtensibilityGlobals) = postSolution
		SolutionGuid = {47664240-0299-4421-82B8-2EC63798A069}
	EndGlobalSection
EndGlobal
